github.com/gorilla/mux v1.8.0 h1:i40aqfkR1h2SlN9hojwV5ZA91wcXFOvkdNIeFDP5koI=
github.com/gorilla/mux v1.8.0/go.mod h1:DVbg23sWSpFRCP0SfiEN6jmj59UnW/n46BH5rLB71So=
github.com/julienschmidt/httprouter v1.3.0 h1:U0609e9tgbseu3rBINet9P48AI/D3oJs4dN7jwJOQ1U=
github.com/julienschmidt/httprouter v1.3.0/go.mod h1:JR6WtHb+2LUe8TCKY3cZOxFyyO8IZAc4RVcycCCAKdM=
github.com/ugorji/go v1.1.9 h1:SObrQTaSuP8WOv2WNCj8gECiNSJIUvk3Q7N26c96Gws=
github.com/ugorji/go v1.1.9/go.mod h1:chLrngdsg43geAaeId+nXO57YsDdl5OZqd/QtBiD19g=
github.com/ugorji/go/codec v1.1.9 h1:J/7hhpkQwgypRNvaeh/T5gzJ2gEI/l8S3qyRrdEa1fA=
github.com/ugorji/go/codec v1.1.9/go.mod h1:+SWgpdqOgdW5sBaiDfkHilQ1SxQ1hBkq/R+kHfL7Suo=
