github.com/gorilla/mux v1.8.0 h1:i40aqfkR1h2SlN9hojwV5ZA91wcXFOvkdNIeFDP5koI=
github.com/gorilla/mux v1.8.0/go.mod h1:DVbg23sWSpFRCP0SfiEN6jmj59UnW/n46BH5rLB71So=
github.com/julienschmidt/httprouter v1.3.0 h1:U0609e9tgbseu3rBINet9P48AI/D3oJs4dN7jwJOQ1U=
github.com/julienschmidt/httprouter v1.3.0/go.mod h1:JR6WtHb+2LUe8TCKY3cZOxFyyO8IZAc4RVcycCCAKdM=
github.com/ugorji/go v1.2.0 h1:6eXlzYLLwZwXroJx9NyqbYcbv/d93twiOzQLDewE6qM=
github.com/ugorji/go v1.2.0/go.mod h1:1ny++pKMXhLWrwWV5Nf+CbOuZJhMoaFD+0GMFfd8fEc=
github.com/ugorji/go/codec v1.2.0 h1:As6RccOIlbm9wHuWYMlB30dErcI+4WiKWsYsmPkyrUw=
github.com/ugorji/go/codec v1.2.0/go.mod h1:dXvG35r7zTX6QImXOSFhGMmKtX+wJ7VTWzGvYQGIjBs=
